
Microsoft Visual Studio Solution File, Format Version 12.00
# Visual Studio 15
VisualStudioVersion = 15.0.26730.16
MinimumVisualStudioVersion = 10.0.40219.1
Project("{8BC9CEB8-8B4A-11D0-8D11-00A0C91BC942}") = "test_gc", "test_gc\test_gc.vcxproj", "{5A55D33A-7914-48AF-8919-43A9FEA9604C}"
EndProject
Global
	GlobalSection(SolutionConfigurationPlatforms) = preSolution
		Debug|x64 = Debug|x64
		Debug|x86 = Debug|x86
		Release|x64 = Release|x64
		Release|x86 = Release|x86
	EndGlobalSection
	GlobalSection(ProjectConfigurationPlatforms) = postSolution
		{5A55D33A-7914-48AF-8919-43A9FEA9604C}.Debug|x64.ActiveCfg = Debug|x64
		{5A55D33A-7914-48AF-8919-43A9FEA9604C}.Debug|x64.Build.0 = Debug|x64
		{5A55D33A-7914-48AF-8919-43A9FEA9604C}.Debug|x86.ActiveCfg = Debug|Win32
		{5A55D33A-7914-48AF-8919-43A9FEA9604C}.Debug|x86.Build.0 = Debug|Win32
		{5A55D33A-7914-48AF-8919-43A9FEA9604C}.Release|x64.ActiveCfg = Release|x64
		{5A55D33A-7914-48AF-8919-43A9FEA9604C}.Release|x64.Build.0 = Release|x64
		{5A55D33A-7914-48AF-8919-43A9FEA9604C}.Release|x86.ActiveCfg = Release|Win32
		{5A55D33A-7914-48AF-8919-43A9FEA9604C}.Release|x86.Build.0 = Release|Win32
	EndGlobalSection
	GlobalSection(SolutionProperties) = preSolution
		HideSolutionNode = FALSE
	EndGlobalSection
	GlobalSection(ExtensibilityGlobals) = postSolution
		SolutionGuid = {94E8EFBE-FFE1-4350-8D77-8E159E5FA518}
	EndGlobalSection
EndGlobal
